
Microsoft Visual Studio Solution File, Format Version 12.00
# Visual Studio Version 17
VisualStudioVersion = 17.8.34309.116
MinimumVisualStudioVersion = 10.0.40219.1
Project("{9A19103F-16F7-4668-BE54-9A1E7A4F7556}") = "MedicalJournalApp", "MedicalJournalApp\MedicalJournalApp.csproj", "{749BE836-D870-4F77-BF5A-7E54963170BF}"
EndProject
Project("{9A19103F-16F7-4668-BE54-9A1E7A4F7556}") = "ConsoleApp1", "ConsoleApp1\ConsoleApp1.csproj", "{F17FCAEB-EE5B-4BE3-83C3-AA44A6D15008}"
EndProject
Global
	GlobalSection(SolutionConfigurationPlatforms) = preSolution
		Debug|Any CPU = Debug|Any CPU
		Release|Any CPU = Release|Any CPU
	EndGlobalSection
	GlobalSection(ProjectConfigurationPlatforms) = postSolution
		{749BE836-D870-4F77-BF5A-7E54963170BF}.Debug|Any CPU.ActiveCfg = Debug|Any CPU
		{749BE836-D870-4F77-BF5A-7E54963170BF}.Debug|Any CPU.Build.0 = Debug|Any CPU
		{749BE836-D870-4F77-BF5A-7E54963170BF}.Release|Any CPU.ActiveCfg = Release|Any CPU
		{749BE836-D870-4F77-BF5A-7E54963170BF}.Release|Any CPU.Build.0 = Release|Any CPU
		{F17FCAEB-EE5B-4BE3-83C3-AA44A6D15008}.Debug|Any CPU.ActiveCfg = Debug|Any CPU
		{F17FCAEB-EE5B-4BE3-83C3-AA44A6D15008}.Debug|Any CPU.Build.0 = Debug|Any CPU
		{F17FCAEB-EE5B-4BE3-83C3-AA44A6D15008}.Release|Any CPU.ActiveCfg = Release|Any CPU
		{F17FCAEB-EE5B-4BE3-83C3-AA44A6D15008}.Release|Any CPU.Build.0 = Release|Any CPU
	EndGlobalSection
	GlobalSection(SolutionProperties) = preSolution
		HideSolutionNode = FALSE
	EndGlobalSection
	GlobalSection(ExtensibilityGlobals) = postSolution
		SolutionGuid = {97F88190-55A5-43A4-A662-B62F5B0F80F8}
	EndGlobalSection
EndGlobal
